
Microsoft Visual Studio Solution File, Format Version 12.00
# Visual Studio Version 16
VisualStudioVersion = 16.0.31205.134
MinimumVisualStudioVersion = 10.0.40219.1
Project("{8BC9CEB8-8B4A-11D0-8D11-00A0C91BC942}") = "1.basic-cpp", "1.basic-cpp\1.basic-cpp.vcxproj", "{D841420D-FAE5-4DE2-9820-BAF0803CAEB9}"
EndProject
Global
	GlobalSection(SolutionConfigurationPlatforms) = preSolution
		Debug|x64 = Debug|x64
		Debug|x86 = Debug|x86
		Release|x64 = Release|x64
		Release|x86 = Release|x86
	EndGlobalSection
	GlobalSection(ProjectConfigurationPlatforms) = postSolution
		{D841420D-FAE5-4DE2-9820-BAF0803CAEB9}.Debug|x64.ActiveCfg = Debug|x64
		{D841420D-FAE5-4DE2-9820-BAF0803CAEB9}.Debug|x64.Build.0 = Debug|x64
		{D841420D-FAE5-4DE2-9820-BAF0803CAEB9}.Debug|x86.ActiveCfg = Debug|Win32
		{D841420D-FAE5-4DE2-9820-BAF0803CAEB9}.Debug|x86.Build.0 = Debug|Win32
		{D841420D-FAE5-4DE2-9820-BAF0803CAEB9}.Release|x64.ActiveCfg = Release|x64
		{D841420D-FAE5-4DE2-9820-BAF0803CAEB9}.Release|x64.Build.0 = Release|x64
		{D841420D-FAE5-4DE2-9820-BAF0803CAEB9}.Release|x86.ActiveCfg = Release|Win32
		{D841420D-FAE5-4DE2-9820-BAF0803CAEB9}.Release|x86.Build.0 = Release|Win32
	EndGlobalSection
	GlobalSection(SolutionProperties) = preSolution
		HideSolutionNode = FALSE
	EndGlobalSection
	GlobalSection(ExtensibilityGlobals) = postSolution
		SolutionGuid = {6D43B3A9-B8A0-415E-AF68-7D606896E4EA}
	EndGlobalSection
EndGlobal
