
Microsoft Visual Studio Solution File, Format Version 12.00
# Visual Studio Version 16
VisualStudioVersion = 16.0.31205.134
MinimumVisualStudioVersion = 10.0.40219.1
Project("{FAE04EC0-301F-11D3-BF4B-00C04F79EFBC}") = "Gamp22_UnityBasic", "Gamp22_UnityBasic\Gamp22_UnityBasic.csproj", "{FCA57B6B-A326-4B85-B4A9-E3E5826D8769}"
EndProject
Global
	GlobalSection(SolutionConfigurationPlatforms) = preSolution
		Debug|Any CPU = Debug|Any CPU
		Release|Any CPU = Release|Any CPU
	EndGlobalSection
	GlobalSection(ProjectConfigurationPlatforms) = postSolution
		{FCA57B6B-A326-4B85-B4A9-E3E5826D8769}.Debug|Any CPU.ActiveCfg = Debug|Any CPU
		{FCA57B6B-A326-4B85-B4A9-E3E5826D8769}.Debug|Any CPU.Build.0 = Debug|Any CPU
		{FCA57B6B-A326-4B85-B4A9-E3E5826D8769}.Release|Any CPU.ActiveCfg = Release|Any CPU
		{FCA57B6B-A326-4B85-B4A9-E3E5826D8769}.Release|Any CPU.Build.0 = Release|Any CPU
	EndGlobalSection
	GlobalSection(SolutionProperties) = preSolution
		HideSolutionNode = FALSE
	EndGlobalSection
	GlobalSection(ExtensibilityGlobals) = postSolution
		SolutionGuid = {DB658D27-6DD8-4CA8-9E30-BFBC8CC01880}
	EndGlobalSection
EndGlobal
